
Microsoft Visual Studio Solution File, Format Version 12.00
Project("{FAE04EC0-301F-11D3-BF4B-00C04F79EFBC}") = "ManagedCode.EnvironmentDetector", "ManagedCode.EnvironmentDetector\ManagedCode.EnvironmentDetector.csproj", "{B89092DD-40EC-486A-BE2F-1A873B1F1A5A}"
EndProject
Project("{FAE04EC0-301F-11D3-BF4B-00C04F79EFBC}") = "ManagedCode.TestsDetector.MSTest", "ManagedCode.TestsDetector.MSTest\ManagedCode.TestsDetector.MSTest.csproj", "{497D53CC-8D1C-4C28-AD63-029974B9F975}"
EndProject
Project("{FAE04EC0-301F-11D3-BF4B-00C04F79EFBC}") = "ManagedCode.TestsDetector.NUnit", "ManagedCode.TestsDetector.NUnit\ManagedCode.TestsDetector.NUnit.csproj", "{7A31B0BA-8D23-4687-9C91-0F02EA92F216}"
EndProject
Project("{FAE04EC0-301F-11D3-BF4B-00C04F79EFBC}") = "ManagedCode.TestsDetector.XUnit", "ManagedCode.TestsDetector.XUnit\ManagedCode.TestsDetector.XUnit.csproj", "{B0001F0F-B909-4B13-9FF0-0937F0D837F0}"
EndProject
Project("{2150E333-8FDC-42A3-9474-1A3956D46DE8}") = "Tests", "Tests", "{37B88FDE-E7F6-4683-8AC8-52A784B59E7D}"
EndProject
Global
	GlobalSection(SolutionConfigurationPlatforms) = preSolution
		Debug|Any CPU = Debug|Any CPU
		Release|Any CPU = Release|Any CPU
	EndGlobalSection
	GlobalSection(ProjectConfigurationPlatforms) = postSolution
		{C4805F29-78B8-4BD8-86FE-4E322419E8DE}.Debug|Any CPU.ActiveCfg = Debug|Any CPU
		{C4805F29-78B8-4BD8-86FE-4E322419E8DE}.Debug|Any CPU.Build.0 = Debug|Any CPU
		{C4805F29-78B8-4BD8-86FE-4E322419E8DE}.Release|Any CPU.ActiveCfg = Release|Any CPU
		{C4805F29-78B8-4BD8-86FE-4E322419E8DE}.Release|Any CPU.Build.0 = Release|Any CPU
		{B89092DD-40EC-486A-BE2F-1A873B1F1A5A}.Debug|Any CPU.ActiveCfg = Debug|Any CPU
		{B89092DD-40EC-486A-BE2F-1A873B1F1A5A}.Debug|Any CPU.Build.0 = Debug|Any CPU
		{B89092DD-40EC-486A-BE2F-1A873B1F1A5A}.Release|Any CPU.ActiveCfg = Release|Any CPU
		{B89092DD-40EC-486A-BE2F-1A873B1F1A5A}.Release|Any CPU.Build.0 = Release|Any CPU
		{497D53CC-8D1C-4C28-AD63-029974B9F975}.Debug|Any CPU.ActiveCfg = Debug|Any CPU
		{497D53CC-8D1C-4C28-AD63-029974B9F975}.Debug|Any CPU.Build.0 = Debug|Any CPU
		{497D53CC-8D1C-4C28-AD63-029974B9F975}.Release|Any CPU.ActiveCfg = Release|Any CPU
		{497D53CC-8D1C-4C28-AD63-029974B9F975}.Release|Any CPU.Build.0 = Release|Any CPU
		{7A31B0BA-8D23-4687-9C91-0F02EA92F216}.Debug|Any CPU.ActiveCfg = Debug|Any CPU
		{7A31B0BA-8D23-4687-9C91-0F02EA92F216}.Debug|Any CPU.Build.0 = Debug|Any CPU
		{7A31B0BA-8D23-4687-9C91-0F02EA92F216}.Release|Any CPU.ActiveCfg = Release|Any CPU
		{7A31B0BA-8D23-4687-9C91-0F02EA92F216}.Release|Any CPU.Build.0 = Release|Any CPU
		{B0001F0F-B909-4B13-9FF0-0937F0D837F0}.Debug|Any CPU.ActiveCfg = Debug|Any CPU
		{B0001F0F-B909-4B13-9FF0-0937F0D837F0}.Debug|Any CPU.Build.0 = Debug|Any CPU
		{B0001F0F-B909-4B13-9FF0-0937F0D837F0}.Release|Any CPU.ActiveCfg = Release|Any CPU
		{B0001F0F-B909-4B13-9FF0-0937F0D837F0}.Release|Any CPU.Build.0 = Release|Any CPU
	EndGlobalSection
	GlobalSection(NestedProjects) = preSolution
		{497D53CC-8D1C-4C28-AD63-029974B9F975} = {37B88FDE-E7F6-4683-8AC8-52A784B59E7D}
		{7A31B0BA-8D23-4687-9C91-0F02EA92F216} = {37B88FDE-E7F6-4683-8AC8-52A784B59E7D}
		{B0001F0F-B909-4B13-9FF0-0937F0D837F0} = {37B88FDE-E7F6-4683-8AC8-52A784B59E7D}
	EndGlobalSection
EndGlobal
